
Microsoft Visual Studio Solution File, Format Version 11.00
# Visual Studio 2010
Project("{FAE04EC0-301F-11D3-BF4B-00C04F79EFBC}") = "GameplayIngredients", "GameplayIngredients.csproj", "{EA2F49BC-A20D-6154-4A75-0AF675847B99}"
EndProject
Project("{FAE04EC0-301F-11D3-BF4B-00C04F79EFBC}") = "Assembly-CSharp", "Assembly-CSharp.csproj", "{EB95E56B-A586-D8EC-FD17-F44632B8FF5F}"
EndProject
Project("{FAE04EC0-301F-11D3-BF4B-00C04F79EFBC}") = "NavMeshComponents", "NavMeshComponents.csproj", "{05CB4B15-7C50-ED78-63DC-E466F2E08E96}"
EndProject
Project("{FAE04EC0-301F-11D3-BF4B-00C04F79EFBC}") = "NaughtyAttributes.Core", "NaughtyAttributes.Core.csproj", "{30DE0BB1-E087-1C8F-E47E-59A722E8B053}"
EndProject
Project("{FAE04EC0-301F-11D3-BF4B-00C04F79EFBC}") = "WaterSystem", "WaterSystem.csproj", "{D37F004E-FB7D-401B-5552-4BE943FB416E}"
EndProject
Project("{FAE04EC0-301F-11D3-BF4B-00C04F79EFBC}") = "NaughtyAttributes.Editor", "NaughtyAttributes.Editor.csproj", "{7FDD1449-5681-99D2-AD92-99158E35AF76}"
EndProject
Project("{FAE04EC0-301F-11D3-BF4B-00C04F79EFBC}") = "GameplayIngredients-Editor", "GameplayIngredients-Editor.csproj", "{438600A4-17E1-F6C4-9188-1BEBA7A131FD}"
EndProject
Project("{FAE04EC0-301F-11D3-BF4B-00C04F79EFBC}") = "NavMeshComponentsEditor", "NavMeshComponentsEditor.csproj", "{A7164B7A-2579-BB78-3D62-AA0CE593BD76}"
EndProject
Project("{FAE04EC0-301F-11D3-BF4B-00C04F79EFBC}") = "Assembly-CSharp-Editor", "Assembly-CSharp-Editor.csproj", "{B14053F8-34B3-18E6-4F63-CBCC46D5E6AB}"
EndProject
Project("{FAE04EC0-301F-11D3-BF4B-00C04F79EFBC}") = "WaterSystem.Editor", "WaterSystem.Editor.csproj", "{F309ADDD-CDFA-1C89-205D-232E8C751CB2}"
EndProject
Global
	GlobalSection(SolutionConfigurationPlatforms) = preSolution
		Debug|Any CPU = Debug|Any CPU
		Release|Any CPU = Release|Any CPU
	EndGlobalSection
	GlobalSection(ProjectConfigurationPlatforms) = postSolution
		{EA2F49BC-A20D-6154-4A75-0AF675847B99}.Debug|Any CPU.ActiveCfg = Debug|Any CPU
		{EA2F49BC-A20D-6154-4A75-0AF675847B99}.Debug|Any CPU.Build.0 = Debug|Any CPU
		{EA2F49BC-A20D-6154-4A75-0AF675847B99}.Release|Any CPU.ActiveCfg = Release|Any CPU
		{EA2F49BC-A20D-6154-4A75-0AF675847B99}.Release|Any CPU.Build.0 = Release|Any CPU
		{EB95E56B-A586-D8EC-FD17-F44632B8FF5F}.Debug|Any CPU.ActiveCfg = Debug|Any CPU
		{EB95E56B-A586-D8EC-FD17-F44632B8FF5F}.Debug|Any CPU.Build.0 = Debug|Any CPU
		{EB95E56B-A586-D8EC-FD17-F44632B8FF5F}.Release|Any CPU.ActiveCfg = Release|Any CPU
		{EB95E56B-A586-D8EC-FD17-F44632B8FF5F}.Release|Any CPU.Build.0 = Release|Any CPU
		{05CB4B15-7C50-ED78-63DC-E466F2E08E96}.Debug|Any CPU.ActiveCfg = Debug|Any CPU
		{05CB4B15-7C50-ED78-63DC-E466F2E08E96}.Debug|Any CPU.Build.0 = Debug|Any CPU
		{05CB4B15-7C50-ED78-63DC-E466F2E08E96}.Release|Any CPU.ActiveCfg = Release|Any CPU
		{05CB4B15-7C50-ED78-63DC-E466F2E08E96}.Release|Any CPU.Build.0 = Release|Any CPU
		{30DE0BB1-E087-1C8F-E47E-59A722E8B053}.Debug|Any CPU.ActiveCfg = Debug|Any CPU
		{30DE0BB1-E087-1C8F-E47E-59A722E8B053}.Debug|Any CPU.Build.0 = Debug|Any CPU
		{30DE0BB1-E087-1C8F-E47E-59A722E8B053}.Release|Any CPU.ActiveCfg = Release|Any CPU
		{30DE0BB1-E087-1C8F-E47E-59A722E8B053}.Release|Any CPU.Build.0 = Release|Any CPU
		{D37F004E-FB7D-401B-5552-4BE943FB416E}.Debug|Any CPU.ActiveCfg = Debug|Any CPU
		{D37F004E-FB7D-401B-5552-4BE943FB416E}.Debug|Any CPU.Build.0 = Debug|Any CPU
		{D37F004E-FB7D-401B-5552-4BE943FB416E}.Release|Any CPU.ActiveCfg = Release|Any CPU
		{D37F004E-FB7D-401B-5552-4BE943FB416E}.Release|Any CPU.Build.0 = Release|Any CPU
		{7FDD1449-5681-99D2-AD92-99158E35AF76}.Debug|Any CPU.ActiveCfg = Debug|Any CPU
		{7FDD1449-5681-99D2-AD92-99158E35AF76}.Debug|Any CPU.Build.0 = Debug|Any CPU
		{7FDD1449-5681-99D2-AD92-99158E35AF76}.Release|Any CPU.ActiveCfg = Release|Any CPU
		{7FDD1449-5681-99D2-AD92-99158E35AF76}.Release|Any CPU.Build.0 = Release|Any CPU
		{438600A4-17E1-F6C4-9188-1BEBA7A131FD}.Debug|Any CPU.ActiveCfg = Debug|Any CPU
		{438600A4-17E1-F6C4-9188-1BEBA7A131FD}.Debug|Any CPU.Build.0 = Debug|Any CPU
		{438600A4-17E1-F6C4-9188-1BEBA7A131FD}.Release|Any CPU.ActiveCfg = Release|Any CPU
		{438600A4-17E1-F6C4-9188-1BEBA7A131FD}.Release|Any CPU.Build.0 = Release|Any CPU
		{A7164B7A-2579-BB78-3D62-AA0CE593BD76}.Debug|Any CPU.ActiveCfg = Debug|Any CPU
		{A7164B7A-2579-BB78-3D62-AA0CE593BD76}.Debug|Any CPU.Build.0 = Debug|Any CPU
		{A7164B7A-2579-BB78-3D62-AA0CE593BD76}.Release|Any CPU.ActiveCfg = Release|Any CPU
		{A7164B7A-2579-BB78-3D62-AA0CE593BD76}.Release|Any CPU.Build.0 = Release|Any CPU
		{B14053F8-34B3-18E6-4F63-CBCC46D5E6AB}.Debug|Any CPU.ActiveCfg = Debug|Any CPU
		{B14053F8-34B3-18E6-4F63-CBCC46D5E6AB}.Debug|Any CPU.Build.0 = Debug|Any CPU
		{B14053F8-34B3-18E6-4F63-CBCC46D5E6AB}.Release|Any CPU.ActiveCfg = Release|Any CPU
		{B14053F8-34B3-18E6-4F63-CBCC46D5E6AB}.Release|Any CPU.Build.0 = Release|Any CPU
		{F309ADDD-CDFA-1C89-205D-232E8C751CB2}.Debug|Any CPU.ActiveCfg = Debug|Any CPU
		{F309ADDD-CDFA-1C89-205D-232E8C751CB2}.Debug|Any CPU.Build.0 = Debug|Any CPU
		{F309ADDD-CDFA-1C89-205D-232E8C751CB2}.Release|Any CPU.ActiveCfg = Release|Any CPU
		{F309ADDD-CDFA-1C89-205D-232E8C751CB2}.Release|Any CPU.Build.0 = Release|Any CPU
	EndGlobalSection
	GlobalSection(SolutionProperties) = preSolution
		HideSolutionNode = FALSE
	EndGlobalSection
EndGlobal
